
Microsoft Visual Studio Solution File, Format Version 12.00
# Visual Studio 15
VisualStudioVersion = 15.0.27428.2037
MinimumVisualStudioVersion = 10.0.40219.1
Project("{9092AA53-FB77-4645-B42D-1CCCA6BD08BD}") = "ethereum-angular-startup-project", "ethereum-angular-startup-project.njsproj", "{D8D558C7-4D66-4837-84A7-23284B2AAE90}"
EndProject
Global
	GlobalSection(SolutionConfigurationPlatforms) = preSolution
		Debug|Any CPU = Debug|Any CPU
		Release|Any CPU = Release|Any CPU
	EndGlobalSection
	GlobalSection(ProjectConfigurationPlatforms) = postSolution
		{D8D558C7-4D66-4837-84A7-23284B2AAE90}.Debug|Any CPU.ActiveCfg = Debug|Any CPU
		{D8D558C7-4D66-4837-84A7-23284B2AAE90}.Debug|Any CPU.Build.0 = Debug|Any CPU
		{D8D558C7-4D66-4837-84A7-23284B2AAE90}.Release|Any CPU.ActiveCfg = Release|Any CPU
		{D8D558C7-4D66-4837-84A7-23284B2AAE90}.Release|Any CPU.Build.0 = Release|Any CPU
	EndGlobalSection
	GlobalSection(SolutionProperties) = preSolution
		HideSolutionNode = FALSE
	EndGlobalSection
	GlobalSection(ExtensibilityGlobals) = postSolution
		SolutionGuid = {A3873F43-00FB-40B5-B4BD-04CB25EABF12}
	EndGlobalSection
EndGlobal
